
Microsoft Visual Studio Solution File, Format Version 11.00
# Visual Studio 2010
Project("{8BC9CEB8-8B4A-11D0-8D11-00A0C91BC942}") = "TestWmi", "TestWmi\TestWmi.vcxproj", "{1D426445-264E-40E8-B14C-063D69ED6DDA}"
EndProject
Project("{8BC9CEB8-8B4A-11D0-8D11-00A0C91BC942}") = "BLHardwareScaner", "BLHardwareScaner\BLHardwareScaner.vcxproj", "{C554EE12-094A-44E9-8F09-A4486F5C1035}"
EndProject
Project("{8BC9CEB8-8B4A-11D0-8D11-00A0C91BC942}") = "TemperatureProbe", "TemperatureProbe\TemperatureProbe.vcxproj", "{B237AC41-9D2F-487D-AB34-1A72B0FDFCD4}"
EndProject
Project("{8BC9CEB8-8B4A-11D0-8D11-00A0C91BC942}") = "TestSetupAPI", "TestSetupAPI\TestSetupAPI.vcxproj", "{E4D7F9BE-C57E-473B-882D-FB278CCB72DE}"
EndProject
Project("{8BC9CEB8-8B4A-11D0-8D11-00A0C91BC942}") = "TestWifiNetwork", "TestWifiNetwork\TestWifiNetwork.vcxproj", "{E986032C-0263-4AB2-8C73-5B2D174D4DD2}"
EndProject
Global
	GlobalSection(SolutionConfigurationPlatforms) = preSolution
		Debug|Win32 = Debug|Win32
		Release|Win32 = Release|Win32
	EndGlobalSection
	GlobalSection(ProjectConfigurationPlatforms) = postSolution
		{1D426445-264E-40E8-B14C-063D69ED6DDA}.Debug|Win32.ActiveCfg = Debug|Win32
		{1D426445-264E-40E8-B14C-063D69ED6DDA}.Debug|Win32.Build.0 = Debug|Win32
		{1D426445-264E-40E8-B14C-063D69ED6DDA}.Release|Win32.ActiveCfg = Release|Win32
		{1D426445-264E-40E8-B14C-063D69ED6DDA}.Release|Win32.Build.0 = Release|Win32
		{C554EE12-094A-44E9-8F09-A4486F5C1035}.Debug|Win32.ActiveCfg = Debug|Win32
		{C554EE12-094A-44E9-8F09-A4486F5C1035}.Debug|Win32.Build.0 = Debug|Win32
		{C554EE12-094A-44E9-8F09-A4486F5C1035}.Release|Win32.ActiveCfg = Release|Win32
		{C554EE12-094A-44E9-8F09-A4486F5C1035}.Release|Win32.Build.0 = Release|Win32
		{B237AC41-9D2F-487D-AB34-1A72B0FDFCD4}.Debug|Win32.ActiveCfg = Debug|Win32
		{B237AC41-9D2F-487D-AB34-1A72B0FDFCD4}.Debug|Win32.Build.0 = Debug|Win32
		{B237AC41-9D2F-487D-AB34-1A72B0FDFCD4}.Release|Win32.ActiveCfg = Release|Win32
		{B237AC41-9D2F-487D-AB34-1A72B0FDFCD4}.Release|Win32.Build.0 = Release|Win32
		{E4D7F9BE-C57E-473B-882D-FB278CCB72DE}.Debug|Win32.ActiveCfg = Debug|Win32
		{E4D7F9BE-C57E-473B-882D-FB278CCB72DE}.Debug|Win32.Build.0 = Debug|Win32
		{E4D7F9BE-C57E-473B-882D-FB278CCB72DE}.Release|Win32.ActiveCfg = Release|Win32
		{E4D7F9BE-C57E-473B-882D-FB278CCB72DE}.Release|Win32.Build.0 = Release|Win32
		{E986032C-0263-4AB2-8C73-5B2D174D4DD2}.Debug|Win32.ActiveCfg = Debug|Win32
		{E986032C-0263-4AB2-8C73-5B2D174D4DD2}.Debug|Win32.Build.0 = Debug|Win32
		{E986032C-0263-4AB2-8C73-5B2D174D4DD2}.Release|Win32.ActiveCfg = Release|Win32
		{E986032C-0263-4AB2-8C73-5B2D174D4DD2}.Release|Win32.Build.0 = Release|Win32
	EndGlobalSection
	GlobalSection(SolutionProperties) = preSolution
		HideSolutionNode = FALSE
	EndGlobalSection
EndGlobal
