<?xml version="1.0" encoding="utf-8"?>
<Project ToolsVersion="4.0" xmlns="http://schemas.microsoft.com/developer/msbuild/2003">
  <ItemGroup>
    <Filter Include="Form Files">
      <UniqueIdentifier>{99349809-55BA-4b9d-BF79-8FDBB0286EB3}</UniqueIdentifier>
      <Extensions>ui</Extensions>
    </Filter>
    <Filter Include="Resource Files">
      <UniqueIdentifier>{D9D6E242-F8AF-46E4-B9FD-80ECBC20BA3E}</UniqueIdentifier>
      <Extensions>qrc;*</Extensions>
      <ParseFiles>false</ParseFiles>
    </Filter>
    <Filter Include="Generated Files">
      <UniqueIdentifier>{71ED8ED8-ACB9-4CE9-BBE1-E00B30144E11}</UniqueIdentifier>
      <Extensions>moc;h;cpp</Extensions>
      <SourceControlFiles>False</SourceControlFiles>
    </Filter>
    <Filter Include="Ui">
      <UniqueIdentifier>{4FC737F1-C7A5-4376-A066-2A32D752A2FF}</UniqueIdentifier>
      <Extensions>cpp;cxx;c;def</Extensions>
    </Filter>
    <Filter Include="Src">
      <UniqueIdentifier>{e7645185-a8f5-48b6-b86d-42a30774510f}</UniqueIdentifier>
    </Filter>
    <Filter Include="Src\Wmi">
      <UniqueIdentifier>{3552ea21-5cf1-44c8-bf3b-5fdfecbb3844}</UniqueIdentifier>
    </Filter>
    <Filter Include="Src\SetupApi">
      <UniqueIdentifier>{fe006d18-dd04-410c-a8d4-8def10243f0d}</UniqueIdentifier>
    </Filter>
    <Filter Include="Src\WifiNetwork">
      <UniqueIdentifier>{e15020f5-8730-4a0e-9b01-d02c1587c51c}</UniqueIdentifier>
    </Filter>
    <Filter Include="Src\DiskController">
      <UniqueIdentifier>{78eaff19-833a-4ffd-a322-da54c7fb75b6}</UniqueIdentifier>
    </Filter>
    <Filter Include="Src\SMARTParser">
      <UniqueIdentifier>{2c6a6440-c714-467f-9979-740a76a2d43e}</UniqueIdentifier>
    </Filter>
  </ItemGroup>
  <ItemGroup>
    <ClCompile Include="Ui\main.cpp">
      <Filter>Ui</Filter>
    </ClCompile>
    <ClCompile Include="Ui\MainWindow.cpp">
      <Filter>Ui</Filter>
    </ClCompile>
    <ClCompile Include="GeneratedFiles\moc_MainWindow.cpp">
      <Filter>Generated Files</Filter>
    </ClCompile>
    <ClCompile Include="GeneratedFiles\qrc_MainWindow.cpp">
      <Filter>Generated Files</Filter>
    </ClCompile>
    <ClCompile Include="..\Src\HardwareInfor.cpp">
      <Filter>Src</Filter>
    </ClCompile>
    <ClCompile Include="GeneratedFiles\moc_HardwareInforPage.cpp">
      <Filter>Generated Files</Filter>
    </ClCompile>
    <ClCompile Include="Ui\HardwareInforPage.cpp">
      <Filter>Ui</Filter>
    </ClCompile>
    <ClCompile Include="..\Src\Wmi\LWMISystemClasses.cpp">
      <Filter>Src\Wmi</Filter>
    </ClCompile>
    <ClCompile Include="..\Src\Wmi\LWMIHardwareClasses.cpp">
      <Filter>Src\Wmi</Filter>
    </ClCompile>
    <ClCompile Include="..\Src\Wmi\LWMICoreManager.cpp">
      <Filter>Src\Wmi</Filter>
    </ClCompile>
    <ClCompile Include="..\Src\SetupApi\LSetupAPI.cpp">
      <Filter>Src\SetupApi</Filter>
    </ClCompile>
    <ClCompile Include="..\Src\WifiNetwork\LWifiNetwork.cpp">
      <Filter>Src\WifiNetwork</Filter>
    </ClCompile>
    <ClCompile Include="..\Src\DiskController\LDiskController.cpp">
      <Filter>Src\DiskController</Filter>
    </ClCompile>
    <ClCompile Include="..\Src\SMARTPaser\LSMARTParser.cpp">
      <Filter>Src\SMARTParser</Filter>
    </ClCompile>
  </ItemGroup>
  <ItemGroup>
    <CustomBuild Include="Ui\MainWindow.h">
      <Filter>Ui</Filter>
    </CustomBuild>
    <CustomBuild Include="Ui\MainWindow.ui">
      <Filter>Form Files</Filter>
    </CustomBuild>
    <CustomBuild Include="Resources\MainWindow.qrc">
      <Filter>Resource Files</Filter>
    </CustomBuild>
    <CustomBuild Include="Ui\HardwareInforPage.h">
      <Filter>Ui</Filter>
    </CustomBuild>
    <CustomBuild Include="Ui\HardwareInfor.ui">
      <Filter>Form Files</Filter>
    </CustomBuild>
  </ItemGroup>
  <ItemGroup>
    <ClInclude Include="GeneratedFiles\ui_MainWindow.h">
      <Filter>Generated Files</Filter>
    </ClInclude>
    <ClInclude Include="..\Src\HardwareInfor.h">
      <Filter>Src</Filter>
    </ClInclude>
    <ClInclude Include="GeneratedFiles\ui_HardwareInfor.h">
      <Filter>Generated Files</Filter>
    </ClInclude>
    <ClInclude Include="Ui\UiDefines.h">
      <Filter>Ui</Filter>
    </ClInclude>
    <ClInclude Include="..\Src\Wmi\LWMICoreManager.h">
      <Filter>Src\Wmi</Filter>
    </ClInclude>
    <ClInclude Include="..\Src\Wmi\LWMISystemClasses.h">
      <Filter>Src\Wmi</Filter>
    </ClInclude>
    <ClInclude Include="..\Src\Wmi\LWMIHardwareClasses.h">
      <Filter>Src\Wmi</Filter>
    </ClInclude>
    <ClInclude Include="..\Src\SetupApi\LSetupAPI.h">
      <Filter>Src\SetupApi</Filter>
    </ClInclude>
    <ClInclude Include="..\Src\WifiNetwork\LWifiNetwork.h">
      <Filter>Src\WifiNetwork</Filter>
    </ClInclude>
    <ClInclude Include="..\Src\DiskController\LDiskController.h">
      <Filter>Src\DiskController</Filter>
    </ClInclude>
    <ClInclude Include="..\Src\SMARTPaser\LSMARTPaser.h">
      <Filter>Src\SMARTParser</Filter>
    </ClInclude>
  </ItemGroup>
</Project>