<?xml version="1.0" encoding="utf-8"?>
<Project ToolsVersion="4.0" xmlns="http://schemas.microsoft.com/developer/msbuild/2003">
  <ItemGroup>
    <Filter Include="Source Files">
      <UniqueIdentifier>{4FC737F1-C7A5-4376-A066-2A32D752A2FF}</UniqueIdentifier>
      <Extensions>cpp;c;cc;cxx;def;odl;idl;hpj;bat;asm;asmx</Extensions>
    </Filter>
    <Filter Include="Resource Files">
      <UniqueIdentifier>{67DA6AB6-F800-4c08-8B7A-83BB121AAD01}</UniqueIdentifier>
      <Extensions>rc;ico;cur;bmp;dlg;rc2;rct;bin;rgs;gif;jpg;jpeg;jpe;resx;tiff;tif;png;wav;mfcribbon-ms</Extensions>
    </Filter>
    <Filter Include="External Source Files">
      <UniqueIdentifier>{93995380-89BD-4b04-88EB-625FBE52EBFB}</UniqueIdentifier>
      <Extensions>h;hpp;hxx;hm;inl;inc;xsd</Extensions>
    </Filter>
  </ItemGroup>
  <ItemGroup>
    <ClCompile Include="main.cpp">
      <Filter>Source Files</Filter>
    </ClCompile>
    <ClCompile Include="LSweeper.cpp">
      <Filter>Source Files</Filter>
    </ClCompile>
    <ClCompile Include="LMine.cpp">
      <Filter>Source Files</Filter>
    </ClCompile>
    <ClCompile Include="..\LiuLibrary\LMachineLearning\LNeuralNetwork.cpp">
      <Filter>External Source Files</Filter>
    </ClCompile>
    <ClCompile Include="..\LiuLibrary\LMachineLearning\LOptimization.cpp">
      <Filter>External Source Files</Filter>
    </ClCompile>
    <ClCompile Include="..\LiuLibrary\Windows\LWindowsGDI\LShape.cpp">
      <Filter>External Source Files</Filter>
    </ClCompile>
    <ClCompile Include="..\LiuLibrary\Windows\LWindowsGDI\LWindowGDI.cpp">
      <Filter>External Source Files</Filter>
    </ClCompile>
    <ClCompile Include="LNeuralNetwork.cpp">
      <Filter>Source Files</Filter>
    </ClCompile>
    <ClCompile Include="LOptimization.cpp">
      <Filter>Source Files</Filter>
    </ClCompile>
    <ClCompile Include="LWindowGDI.cpp">
      <Filter>Source Files</Filter>
    </ClCompile>
    <ClCompile Include="LShape.cpp">
      <Filter>Source Files</Filter>
    </ClCompile>
  </ItemGroup>
  <ItemGroup>
    <ClInclude Include="main.h">
      <Filter>Source Files</Filter>
    </ClInclude>
    <ClInclude Include="LSweeper.h">
      <Filter>Source Files</Filter>
    </ClInclude>
    <ClInclude Include="LMine.h">
      <Filter>Source Files</Filter>
    </ClInclude>
    <ClInclude Include="..\LiuLibrary\Windows\LMacroDefine.h">
      <Filter>External Source Files</Filter>
    </ClInclude>
    <ClInclude Include="..\LiuLibrary\LMachineLearning\LNeuralNetwork.h">
      <Filter>External Source Files</Filter>
    </ClInclude>
    <ClInclude Include="..\LiuLibrary\LMachineLearning\LOptimization.h">
      <Filter>External Source Files</Filter>
    </ClInclude>
    <ClInclude Include="..\LiuLibrary\Windows\LWindowsGDI\LShape.h">
      <Filter>External Source Files</Filter>
    </ClInclude>
    <ClInclude Include="..\LiuLibrary\Windows\LWindowsGDI\LVector2D.h">
      <Filter>External Source Files</Filter>
    </ClInclude>
    <ClInclude Include="..\LiuLibrary\Windows\LWindowsGDI\LWindowGDI.h">
      <Filter>External Source Files</Filter>
    </ClInclude>
    <ClInclude Include="LNeuralNetwork.h">
      <Filter>Source Files</Filter>
    </ClInclude>
    <ClInclude Include="LOptimization.h">
      <Filter>Source Files</Filter>
    </ClInclude>
    <ClInclude Include="LWindowGDI.h">
      <Filter>Source Files</Filter>
    </ClInclude>
    <ClInclude Include="LShape.h">
      <Filter>Source Files</Filter>
    </ClInclude>
    <ClInclude Include="LString.h">
      <Filter>Source Files</Filter>
    </ClInclude>
    <ClInclude Include="LVector2D.h">
      <Filter>Source Files</Filter>
    </ClInclude>
    <ClInclude Include="LMacroDefine.h">
      <Filter>Source Files</Filter>
    </ClInclude>
    <ClInclude Include="LArray.h">
      <Filter>Source Files</Filter>
    </ClInclude>
    <ClInclude Include="LLib.h">
      <Filter>Source Files</Filter>
    </ClInclude>
  </ItemGroup>
</Project>